// !$*UTF8*$!
{
	archiveVersion = 1;
	classes = {
	};
	objectVersion = 50;
	objects = {

/* Begin PBXBuildFile section */
		7739DF2225502FED00E872B2 /* AppDelegate.swift in Sources */ = {isa = PBXBuildFile; fileRef = 7739DF2125502FED00E872B2 /* AppDelegate.swift */; };
		7739DF2425502FED00E872B2 /* SceneDelegate.swift in Sources */ = {isa = PBXBuildFile; fileRef = 7739DF2325502FED00E872B2 /* SceneDelegate.swift */; };
		7739DF2625502FED00E872B2 /* ViewController.swift in Sources */ = {isa = PBXBuildFile; fileRef = 7739DF2525502FED00E872B2 /* ViewController.swift */; };
		7739DF2925502FED00E872B2 /* Main.storyboard in Resources */ = {isa = PBXBuildFile; fileRef = 7739DF2725502FED00E872B2 /* Main.storyboard */; };
		7739DF2B25502FEF00E872B2 /* Assets.xcassets in Resources */ = {isa = PBXBuildFile; fileRef = 7739DF2A25502FEF00E872B2 /* Assets.xcassets */; };
		7739DF2E25502FEF00E872B2 /* LaunchScreen.storyboard in Resources */ = {isa = PBXBuildFile; fileRef = 7739DF2C25502FEF00E872B2 /* LaunchScreen.storyboard */; };
		7739DF37255034F100E872B2 /* MainData.swift in Sources */ = {isa = PBXBuildFile; fileRef = 7739DF36255034F100E872B2 /* MainData.swift */; };
		7798ECBA25503CCC00F17FEA /* JSONSchemaSupport.swift in Sources */ = {isa = PBXBuildFile; fileRef = 7798ECB925503CCC00F17FEA /* JSONSchemaSupport.swift */; };
		7798ECDC25503DEE00F17FEA /* City.swift in Sources */ = {isa = PBXBuildFile; fileRef = 7798ECBF25503DEB00F17FEA /* City.swift */; };
		7798ECDD25503DEE00F17FEA /* SubtypeName.swift in Sources */ = {isa = PBXBuildFile; fileRef = 7798ECC025503DEB00F17FEA /* SubtypeName.swift */; };
		7798ECDE25503DEE00F17FEA /* TagPivot.swift in Sources */ = {isa = PBXBuildFile; fileRef = 7798ECC125503DEB00F17FEA /* TagPivot.swift */; };
		7798ECDF25503DEE00F17FEA /* IconSettings.swift in Sources */ = {isa = PBXBuildFile; fileRef = 7798ECC225503DEC00F17FEA /* IconSettings.swift */; };
		7798ECE025503DEE00F17FEA /* Subtype.swift in Sources */ = {isa = PBXBuildFile; fileRef = 7798ECC325503DEC00F17FEA /* Subtype.swift */; };
		7798ECE125503DEE00F17FEA /* Mode.swift in Sources */ = {isa = PBXBuildFile; fileRef = 7798ECC425503DEC00F17FEA /* Mode.swift */; };
		7798ECE225503DEE00F17FEA /* Duration.swift in Sources */ = {isa = PBXBuildFile; fileRef = 7798ECC525503DEC00F17FEA /* Duration.swift */; };
		7798ECE325503DEE00F17FEA /* Links.swift in Sources */ = {isa = PBXBuildFile; fileRef = 7798ECC625503DEC00F17FEA /* Links.swift */; };
		7798ECE425503DEE00F17FEA /* Status.swift in Sources */ = {isa = PBXBuildFile; fileRef = 7798ECC725503DEC00F17FEA /* Status.swift */; };
		7798ECE525503DEE00F17FEA /* Address.swift in Sources */ = {isa = PBXBuildFile; fileRef = 7798ECC825503DEC00F17FEA /* Address.swift */; };
		7798ECE625503DEE00F17FEA /* AgencyEntity.swift in Sources */ = {isa = PBXBuildFile; fileRef = 7798ECC925503DEC00F17FEA /* AgencyEntity.swift */; };
		7798ECE725503DEE00F17FEA /* AgencyType.swift in Sources */ = {isa = PBXBuildFile; fileRef = 7798ECCA25503DEC00F17FEA /* AgencyType.swift */; };
		7798ECE825503DEE00F17FEA /* PostEntity.swift in Sources */ = {isa = PBXBuildFile; fileRef = 7798ECCB25503DEC00F17FEA /* PostEntity.swift */; };
		7798ECE925503DEE00F17FEA /* CityName.swift in Sources */ = {isa = PBXBuildFile; fileRef = 7798ECCC25503DEC00F17FEA /* CityName.swift */; };
		7798ECEA25503DEE00F17FEA /* Title.swift in Sources */ = {isa = PBXBuildFile; fileRef = 7798ECCD25503DED00F17FEA /* Title.swift */; };
		7798ECEB25503DEE00F17FEA /* Phone.swift in Sources */ = {isa = PBXBuildFile; fileRef = 7798ECCE25503DED00F17FEA /* Phone.swift */; };
		7798ECEC25503DEE00F17FEA /* PostType.swift in Sources */ = {isa = PBXBuildFile; fileRef = 7798ECCF25503DED00F17FEA /* PostType.swift */; };
		7798ECED25503DEE00F17FEA /* CityEntity.swift in Sources */ = {isa = PBXBuildFile; fileRef = 7798ECD025503DED00F17FEA /* CityEntity.swift */; };
		7798ECEF25503DEE00F17FEA /* Agency.swift in Sources */ = {isa = PBXBuildFile; fileRef = 7798ECD225503DED00F17FEA /* Agency.swift */; };
		7798ECF025503DEE00F17FEA /* Email.swift in Sources */ = {isa = PBXBuildFile; fileRef = 7798ECD325503DED00F17FEA /* Email.swift */; };
		7798ECF125503DEE00F17FEA /* Slug.swift in Sources */ = {isa = PBXBuildFile; fileRef = 7798ECD425503DED00F17FEA /* Slug.swift */; };
		7798ECF225503DEE00F17FEA /* Post.swift in Sources */ = {isa = PBXBuildFile; fileRef = 7798ECD525503DED00F17FEA /* Post.swift */; };
		7798ECF325503DEE00F17FEA /* Declension.swift in Sources */ = {isa = PBXBuildFile; fileRef = 7798ECD625503DED00F17FEA /* Declension.swift */; };
		7798ECF425503DEE00F17FEA /* AgencyPivot.swift in Sources */ = {isa = PBXBuildFile; fileRef = 7798ECD725503DED00F17FEA /* AgencyPivot.swift */; };
		7798ECF625503DEE00F17FEA /* Tag.swift in Sources */ = {isa = PBXBuildFile; fileRef = 7798ECD925503DEE00F17FEA /* Tag.swift */; };
		7798ECF725503DEE00F17FEA /* Cost.swift in Sources */ = {isa = PBXBuildFile; fileRef = 7798ECDA25503DEE00F17FEA /* Cost.swift */; };
		7798ECF825503DEE00F17FEA /* Meta.swift in Sources */ = {isa = PBXBuildFile; fileRef = 7798ECDB25503DEE00F17FEA /* Meta.swift */; };
/* End PBXBuildFile section */

/* Begin PBXFileReference section */
		7739DF1E25502FED00E872B2 /* MurmanskNews.app */ = {isa = PBXFileReference; explicitFileType = wrapper.application; includeInIndex = 0; path = MurmanskNews.app; sourceTree = BUILT_PRODUCTS_DIR; };
		7739DF2125502FED00E872B2 /* AppDelegate.swift */ = {isa = PBXFileReference; lastKnownFileType = sourcecode.swift; path = AppDelegate.swift; sourceTree = "<group>"; };
		7739DF2325502FED00E872B2 /* SceneDelegate.swift */ = {isa = PBXFileReference; lastKnownFileType = sourcecode.swift; path = SceneDelegate.swift; sourceTree = "<group>"; };
		7739DF2525502FED00E872B2 /* ViewController.swift */ = {isa = PBXFileReference; lastKnownFileType = sourcecode.swift; path = ViewController.swift; sourceTree = "<group>"; };
		7739DF2825502FED00E872B2 /* Base */ = {isa = PBXFileReference; lastKnownFileType = file.storyboard; name = Base; path = Base.lproj/Main.storyboard; sourceTree = "<group>"; };
		7739DF2A25502FEF00E872B2 /* Assets.xcassets */ = {isa = PBXFileReference; lastKnownFileType = folder.assetcatalog; path = Assets.xcassets; sourceTree = "<group>"; };
		7739DF2D25502FEF00E872B2 /* Base */ = {isa = PBXFileReference; lastKnownFileType = file.storyboard; name = Base; path = Base.lproj/LaunchScreen.storyboard; sourceTree = "<group>"; };
		7739DF2F25502FEF00E872B2 /* Info.plist */ = {isa = PBXFileReference; lastKnownFileType = text.plist.xml; path = Info.plist; sourceTree = "<group>"; };
		7739DF36255034F100E872B2 /* MainData.swift */ = {isa = PBXFileReference; lastKnownFileType = sourcecode.swift; path = MainData.swift; sourceTree = "<group>"; };
		7798ECB925503CCC00F17FEA /* JSONSchemaSupport.swift */ = {isa = PBXFileReference; lastKnownFileType = sourcecode.swift; path = JSONSchemaSupport.swift; sourceTree = "<group>"; };
		7798ECBF25503DEB00F17FEA /* City.swift */ = {isa = PBXFileReference; fileEncoding = 4; lastKnownFileType = sourcecode.swift; path = City.swift; sourceTree = "<group>"; };
		7798ECC025503DEB00F17FEA /* SubtypeName.swift */ = {isa = PBXFileReference; fileEncoding = 4; lastKnownFileType = sourcecode.swift; path = SubtypeName.swift; sourceTree = "<group>"; };
		7798ECC125503DEB00F17FEA /* TagPivot.swift */ = {isa = PBXFileReference; fileEncoding = 4; lastKnownFileType = sourcecode.swift; path = TagPivot.swift; sourceTree = "<group>"; };
		7798ECC225503DEC00F17FEA /* IconSettings.swift */ = {isa = PBXFileReference; fileEncoding = 4; lastKnownFileType = sourcecode.swift; path = IconSettings.swift; sourceTree = "<group>"; };
		7798ECC325503DEC00F17FEA /* Subtype.swift */ = {isa = PBXFileReference; fileEncoding = 4; lastKnownFileType = sourcecode.swift; path = Subtype.swift; sourceTree = "<group>"; };
		7798ECC425503DEC00F17FEA /* Mode.swift */ = {isa = PBXFileReference; fileEncoding = 4; lastKnownFileType = sourcecode.swift; path = Mode.swift; sourceTree = "<group>"; };
		7798ECC525503DEC00F17FEA /* Duration.swift */ = {isa = PBXFileReference; fileEncoding = 4; lastKnownFileType = sourcecode.swift; path = Duration.swift; sourceTree = "<group>"; };
		7798ECC625503DEC00F17FEA /* Links.swift */ = {isa = PBXFileReference; fileEncoding = 4; lastKnownFileType = sourcecode.swift; path = Links.swift; sourceTree = "<group>"; };
		7798ECC725503DEC00F17FEA /* Status.swift */ = {isa = PBXFileReference; fileEncoding = 4; lastKnownFileType = sourcecode.swift; path = Status.swift; sourceTree = "<group>"; };
		7798ECC825503DEC00F17FEA /* Address.swift */ = {isa = PBXFileReference; fileEncoding = 4; lastKnownFileType = sourcecode.swift; path = Address.swift; sourceTree = "<group>"; };
		7798ECC925503DEC00F17FEA /* AgencyEntity.swift */ = {isa = PBXFileReference; fileEncoding = 4; lastKnownFileType = sourcecode.swift; path = AgencyEntity.swift; sourceTree = "<group>"; };
		7798ECCA25503DEC00F17FEA /* AgencyType.swift */ = {isa = PBXFileReference; fileEncoding = 4; lastKnownFileType = sourcecode.swift; path = AgencyType.swift; sourceTree = "<group>"; };
		7798ECCB25503DEC00F17FEA /* PostEntity.swift */ = {isa = PBXFileReference; fileEncoding = 4; lastKnownFileType = sourcecode.swift; path = PostEntity.swift; sourceTree = "<group>"; };
		7798ECCC25503DEC00F17FEA /* CityName.swift */ = {isa = PBXFileReference; fileEncoding = 4; lastKnownFileType = sourcecode.swift; path = CityName.swift; sourceTree = "<group>"; };
		7798ECCD25503DED00F17FEA /* Title.swift */ = {isa = PBXFileReference; fileEncoding = 4; lastKnownFileType = sourcecode.swift; path = Title.swift; sourceTree = "<group>"; };
		7798ECCE25503DED00F17FEA /* Phone.swift */ = {isa = PBXFileReference; fileEncoding = 4; lastKnownFileType = sourcecode.swift; path = Phone.swift; sourceTree = "<group>"; };
		7798ECCF25503DED00F17FEA /* PostType.swift */ = {isa = PBXFileReference; fileEncoding = 4; lastKnownFileType = sourcecode.swift; path = PostType.swift; sourceTree = "<group>"; };
		7798ECD025503DED00F17FEA /* CityEntity.swift */ = {isa = PBXFileReference; fileEncoding = 4; lastKnownFileType = sourcecode.swift; path = CityEntity.swift; sourceTree = "<group>"; };
		7798ECD225503DED00F17FEA /* Agency.swift */ = {isa = PBXFileReference; fileEncoding = 4; lastKnownFileType = sourcecode.swift; path = Agency.swift; sourceTree = "<group>"; };
		7798ECD325503DED00F17FEA /* Email.swift */ = {isa = PBXFileReference; fileEncoding = 4; lastKnownFileType = sourcecode.swift; path = Email.swift; sourceTree = "<group>"; };
		7798ECD425503DED00F17FEA /* Slug.swift */ = {isa = PBXFileReference; fileEncoding = 4; lastKnownFileType = sourcecode.swift; path = Slug.swift; sourceTree = "<group>"; };
		7798ECD525503DED00F17FEA /* Post.swift */ = {isa = PBXFileReference; fileEncoding = 4; lastKnownFileType = sourcecode.swift; path = Post.swift; sourceTree = "<group>"; };
		7798ECD625503DED00F17FEA /* Declension.swift */ = {isa = PBXFileReference; fileEncoding = 4; lastKnownFileType = sourcecode.swift; path = Declension.swift; sourceTree = "<group>"; };
		7798ECD725503DED00F17FEA /* AgencyPivot.swift */ = {isa = PBXFileReference; fileEncoding = 4; lastKnownFileType = sourcecode.swift; path = AgencyPivot.swift; sourceTree = "<group>"; };
		7798ECD925503DEE00F17FEA /* Tag.swift */ = {isa = PBXFileReference; fileEncoding = 4; lastKnownFileType = sourcecode.swift; path = Tag.swift; sourceTree = "<group>"; };
		7798ECDA25503DEE00F17FEA /* Cost.swift */ = {isa = PBXFileReference; fileEncoding = 4; lastKnownFileType = sourcecode.swift; path = Cost.swift; sourceTree = "<group>"; };
		7798ECDB25503DEE00F17FEA /* Meta.swift */ = {isa = PBXFileReference; fileEncoding = 4; lastKnownFileType = sourcecode.swift; path = Meta.swift; sourceTree = "<group>"; };
/* End PBXFileReference section */

/* Begin PBXFrameworksBuildPhase section */
		7739DF1B25502FED00E872B2 /* Frameworks */ = {
			isa = PBXFrameworksBuildPhase;
			buildActionMask = 2147483647;
			files = (
			);
			runOnlyForDeploymentPostprocessing = 0;
		};
/* End PBXFrameworksBuildPhase section */

/* Begin PBXGroup section */
		7739DF1525502FED00E872B2 = {
			isa = PBXGroup;
			children = (
				7739DF2025502FED00E872B2 /* MurmanskNews */,
				7739DF1F25502FED00E872B2 /* Products */,
			);
			sourceTree = "<group>";
		};
		7739DF1F25502FED00E872B2 /* Products */ = {
			isa = PBXGroup;
			children = (
				7739DF1E25502FED00E872B2 /* MurmanskNews.app */,
			);
			name = Products;
			sourceTree = "<group>";
		};
		7739DF2025502FED00E872B2 /* MurmanskNews */ = {
			isa = PBXGroup;
			children = (
				7798ED042550401B00F17FEA /* App */,
				7739DF2525502FED00E872B2 /* ViewController.swift */,
				7739DF40255039CC00E872B2 /* Model */,
				7739DF2725502FED00E872B2 /* Main.storyboard */,
				7739DF2A25502FEF00E872B2 /* Assets.xcassets */,
				7739DF2C25502FEF00E872B2 /* LaunchScreen.storyboard */,
				7739DF2F25502FEF00E872B2 /* Info.plist */,
			);
			path = MurmanskNews;
			sourceTree = "<group>";
		};
		7739DF40255039CC00E872B2 /* Model */ = {
			isa = PBXGroup;
			children = (
				7739DF36255034F100E872B2 /* MainData.swift */,
				7798ED07255040A800F17FEA /* Post */,
				7798ECC225503DEC00F17FEA /* IconSettings.swift */,
				7798ED09255040FF00F17FEA /* Links */,
				7798ED0B2550410A00F17FEA /* Meta */,
			);
			path = Model;
			sourceTree = "<group>";
		};
		7798ECFD25503ECB00F17FEA /* City */ = {
			isa = PBXGroup;
			children = (
				7798ECBF25503DEB00F17FEA /* City.swift */,
				7798ECD025503DED00F17FEA /* CityEntity.swift */,
				7798ECCC25503DEC00F17FEA /* CityName.swift */,
				7798ECD625503DED00F17FEA /* Declension.swift */,
				7798ECD425503DED00F17FEA /* Slug.swift */,
			);
			path = City;
			sourceTree = "<group>";
		};
		7798ECFF25503F2F00F17FEA /* Agency */ = {
			isa = PBXGroup;
			children = (
				7798ECD225503DED00F17FEA /* Agency.swift */,
				7798ECC825503DEC00F17FEA /* Address.swift */,
				7798ECC925503DEC00F17FEA /* AgencyEntity.swift */,
				7798ECD725503DED00F17FEA /* AgencyPivot.swift */,
				7798ECCA25503DEC00F17FEA /* AgencyType.swift */,
				7798ECD325503DED00F17FEA /* Email.swift */,
				7798ECC425503DEC00F17FEA /* Mode.swift */,
				7798ECCE25503DED00F17FEA /* Phone.swift */,
				7798ECCD25503DED00F17FEA /* Title.swift */,
			);
			path = Agency;
			sourceTree = "<group>";
		};
		7798ED032550400600F17FEA /* Helpers */ = {
			isa = PBXGroup;
			children = (
				7798ECB925503CCC00F17FEA /* JSONSchemaSupport.swift */,
			);
			path = Helpers;
			sourceTree = "<group>";
		};
		7798ED042550401B00F17FEA /* App */ = {
			isa = PBXGroup;
			children = (
				7739DF2125502FED00E872B2 /* AppDelegate.swift */,
				7739DF2325502FED00E872B2 /* SceneDelegate.swift */,
				7798ED032550400600F17FEA /* Helpers */,
			);
			path = App;
			sourceTree = "<group>";
		};
		7798ED07255040A800F17FEA /* Post */ = {
			isa = PBXGroup;
			children = (
				7798ECD525503DED00F17FEA /* Post.swift */,
				7798ECFF25503F2F00F17FEA /* Agency */,
				7798ECFD25503ECB00F17FEA /* City */,
				7798ED0D2550413800F17FEA /* Subtype */,
				7798ED102550417200F17FEA /* Tag */,
				7798ECDA25503DEE00F17FEA /* Cost.swift */,
				7798ECC725503DEC00F17FEA /* Status.swift */,
				7798ECCB25503DEC00F17FEA /* PostEntity.swift */,
				7798ECCF25503DED00F17FEA /* PostType.swift */,
				7798ECC525503DEC00F17FEA /* Duration.swift */,
			);
			path = Post;
			sourceTree = "<group>";
		};
		7798ED09255040FF00F17FEA /* Links */ = {
			isa = PBXGroup;
			children = (
				7798ECC625503DEC00F17FEA /* Links.swift */,
			);
			path = Links;
			sourceTree = "<group>";
		};
		7798ED0B2550410A00F17FEA /* Meta */ = {
			isa = PBXGroup;
			children = (
				7798ECDB25503DEE00F17FEA /* Meta.swift */,
			);
			path = Meta;
			sourceTree = "<group>";
		};
		7798ED0D2550413800F17FEA /* Subtype */ = {
			isa = PBXGroup;
			children = (
				7798ECC325503DEC00F17FEA /* Subtype.swift */,
				7798ECC025503DEB00F17FEA /* SubtypeName.swift */,
			);
			path = Subtype;
			sourceTree = "<group>";
		};
		7798ED102550417200F17FEA /* Tag */ = {
			isa = PBXGroup;
			children = (
				7798ECD925503DEE00F17FEA /* Tag.swift */,
				7798ECC125503DEB00F17FEA /* TagPivot.swift */,
			);
			path = Tag;
			sourceTree = "<group>";
		};
/* End PBXGroup section */

/* Begin PBXNativeTarget section */
		7739DF1D25502FED00E872B2 /* MurmanskNews */ = {
			isa = PBXNativeTarget;
			buildConfigurationList = 7739DF3225502FEF00E872B2 /* Build configuration list for PBXNativeTarget "MurmanskNews" */;
			buildPhases = (
				7739DF1A25502FED00E872B2 /* Sources */,
				7739DF1B25502FED00E872B2 /* Frameworks */,
				7739DF1C25502FED00E872B2 /* Resources */,
			);
			buildRules = (
			);
			dependencies = (
			);
			name = MurmanskNews;
			productName = MurmanskNews;
			productReference = 7739DF1E25502FED00E872B2 /* MurmanskNews.app */;
			productType = "com.apple.product-type.application";
		};
/* End PBXNativeTarget section */

/* Begin PBXProject section */
		7739DF1625502FED00E872B2 /* Project object */ = {
			isa = PBXProject;
			attributes = {
				LastSwiftUpdateCheck = 1210;
				LastUpgradeCheck = 1210;
				TargetAttributes = {
					7739DF1D25502FED00E872B2 = {
						CreatedOnToolsVersion = 12.1;
					};
				};
			};
			buildConfigurationList = 7739DF1925502FED00E872B2 /* Build configuration list for PBXProject "MurmanskNews" */;
			compatibilityVersion = "Xcode 9.3";
			developmentRegion = en;
			hasScannedForEncodings = 0;
			knownRegions = (
				en,
				Base,
			);
			mainGroup = 7739DF1525502FED00E872B2;
			productRefGroup = 7739DF1F25502FED00E872B2 /* Products */;
			projectDirPath = "";
			projectRoot = "";
			targets = (
				7739DF1D25502FED00E872B2 /* MurmanskNews */,
			);
		};
/* End PBXProject section */

/* Begin PBXResourcesBuildPhase section */
		7739DF1C25502FED00E872B2 /* Resources */ = {
			isa = PBXResourcesBuildPhase;
			buildActionMask = 2147483647;
			files = (
				7739DF2E25502FEF00E872B2 /* LaunchScreen.storyboard in Resources */,
				7739DF2B25502FEF00E872B2 /* Assets.xcassets in Resources */,
				7739DF2925502FED00E872B2 /* Main.storyboard in Resources */,
			);
			runOnlyForDeploymentPostprocessing = 0;
		};
/* End PBXResourcesBuildPhase section */

/* Begin PBXSourcesBuildPhase section */
		7739DF1A25502FED00E872B2 /* Sources */ = {
			isa = PBXSourcesBuildPhase;
			buildActionMask = 2147483647;
			files = (
				7798ECF725503DEE00F17FEA /* Cost.swift in Sources */,
				7798ECF625503DEE00F17FEA /* Tag.swift in Sources */,
				7798ECEA25503DEE00F17FEA /* Title.swift in Sources */,
				7798ECDD25503DEE00F17FEA /* SubtypeName.swift in Sources */,
				7798ECE625503DEE00F17FEA /* AgencyEntity.swift in Sources */,
				7798ECED25503DEE00F17FEA /* CityEntity.swift in Sources */,
				7798ECDF25503DEE00F17FEA /* IconSettings.swift in Sources */,
				7798ECEB25503DEE00F17FEA /* Phone.swift in Sources */,
				7798ECE025503DEE00F17FEA /* Subtype.swift in Sources */,
				7798ECE225503DEE00F17FEA /* Duration.swift in Sources */,
				7798ECEC25503DEE00F17FEA /* PostType.swift in Sources */,
				7798ECF425503DEE00F17FEA /* AgencyPivot.swift in Sources */,
				7798ECE725503DEE00F17FEA /* AgencyType.swift in Sources */,
				7798ECF025503DEE00F17FEA /* Email.swift in Sources */,
				7798ECF325503DEE00F17FEA /* Declension.swift in Sources */,
				7739DF2625502FED00E872B2 /* ViewController.swift in Sources */,
				7798ECE325503DEE00F17FEA /* Links.swift in Sources */,
				7798ECF225503DEE00F17FEA /* Post.swift in Sources */,
				7739DF2225502FED00E872B2 /* AppDelegate.swift in Sources */,
				7798ECDC25503DEE00F17FEA /* City.swift in Sources */,
				7798ECE825503DEE00F17FEA /* PostEntity.swift in Sources */,
				7739DF2425502FED00E872B2 /* SceneDelegate.swift in Sources */,
				7798ECE525503DEE00F17FEA /* Address.swift in Sources */,
				7798ECE425503DEE00F17FEA /* Status.swift in Sources */,
				7798ECF825503DEE00F17FEA /* Meta.swift in Sources */,
				7798ECBA25503CCC00F17FEA /* JSONSchemaSupport.swift in Sources */,
				7798ECF125503DEE00F17FEA /* Slug.swift in Sources */,
				7739DF37255034F100E872B2 /* MainData.swift in Sources */,
				7798ECE925503DEE00F17FEA /* CityName.swift in Sources */,
				7798ECE125503DEE00F17FEA /* Mode.swift in Sources */,
				7798ECEF25503DEE00F17FEA /* Agency.swift in Sources */,
				7798ECDE25503DEE00F17FEA /* TagPivot.swift in Sources */,
			);
			runOnlyForDeploymentPostprocessing = 0;
		};
/* End PBXSourcesBuildPhase section */

/* Begin PBXVariantGroup section */
		7739DF2725502FED00E872B2 /* Main.storyboard */ = {
			isa = PBXVariantGroup;
			children = (
				7739DF2825502FED00E872B2 /* Base */,
			);
			name = Main.storyboard;
			sourceTree = "<group>";
		};
		7739DF2C25502FEF00E872B2 /* LaunchScreen.storyboard */ = {
			isa = PBXVariantGroup;
			children = (
				7739DF2D25502FEF00E872B2 /* Base */,
			);
			name = LaunchScreen.storyboard;
			sourceTree = "<group>";
		};
/* End PBXVariantGroup section */

/* Begin XCBuildConfiguration section */
		7739DF3025502FEF00E872B2 /* Debug */ = {
			isa = XCBuildConfiguration;
			buildSettings = {
				ALWAYS_SEARCH_USER_PATHS = NO;
				CLANG_ANALYZER_NONNULL = YES;
				CLANG_ANALYZER_NUMBER_OBJECT_CONVERSION = YES_AGGRESSIVE;
				CLANG_CXX_LANGUAGE_STANDARD = "gnu++14";
				CLANG_CXX_LIBRARY = "libc++";
				CLANG_ENABLE_MODULES = YES;
				CLANG_ENABLE_OBJC_ARC = YES;
				CLANG_ENABLE_OBJC_WEAK = YES;
				CLANG_WARN_BLOCK_CAPTURE_AUTORELEASING = YES;
				CLANG_WARN_BOOL_CONVERSION = YES;
				CLANG_WARN_COMMA = YES;
				CLANG_WARN_CONSTANT_CONVERSION = YES;
				CLANG_WARN_DEPRECATED_OBJC_IMPLEMENTATIONS = YES;
				CLANG_WARN_DIRECT_OBJC_ISA_USAGE = YES_ERROR;
				CLANG_WARN_DOCUMENTATION_COMMENTS = YES;
				CLANG_WARN_EMPTY_BODY = YES;
				CLANG_WARN_ENUM_CONVERSION = YES;
				CLANG_WARN_INFINITE_RECURSION = YES;
				CLANG_WARN_INT_CONVERSION = YES;
				CLANG_WARN_NON_LITERAL_NULL_CONVERSION = YES;
				CLANG_WARN_OBJC_IMPLICIT_RETAIN_SELF = YES;
				CLANG_WARN_OBJC_LITERAL_CONVERSION = YES;
				CLANG_WARN_OBJC_ROOT_CLASS = YES_ERROR;
				CLANG_WARN_QUOTED_INCLUDE_IN_FRAMEWORK_HEADER = YES;
				CLANG_WARN_RANGE_LOOP_ANALYSIS = YES;
				CLANG_WARN_STRICT_PROTOTYPES = YES;
				CLANG_WARN_SUSPICIOUS_MOVE = YES;
				CLANG_WARN_UNGUARDED_AVAILABILITY = YES_AGGRESSIVE;
				CLANG_WARN_UNREACHABLE_CODE = YES;
				CLANG_WARN__DUPLICATE_METHOD_MATCH = YES;
				COPY_PHASE_STRIP = NO;
				DEBUG_INFORMATION_FORMAT = dwarf;
				ENABLE_STRICT_OBJC_MSGSEND = YES;
				ENABLE_TESTABILITY = YES;
				GCC_C_LANGUAGE_STANDARD = gnu11;
				GCC_DYNAMIC_NO_PIC = NO;
				GCC_NO_COMMON_BLOCKS = YES;
				GCC_OPTIMIZATION_LEVEL = 0;
				GCC_PREPROCESSOR_DEFINITIONS = (
					"DEBUG=1",
					"$(inherited)",
				);
				GCC_WARN_64_TO_32_BIT_CONVERSION = YES;
				GCC_WARN_ABOUT_RETURN_TYPE = YES_ERROR;
				GCC_WARN_UNDECLARED_SELECTOR = YES;
				GCC_WARN_UNINITIALIZED_AUTOS = YES_AGGRESSIVE;
				GCC_WARN_UNUSED_FUNCTION = YES;
				GCC_WARN_UNUSED_VARIABLE = YES;
				IPHONEOS_DEPLOYMENT_TARGET = 14.1;
				MTL_ENABLE_DEBUG_INFO = INCLUDE_SOURCE;
				MTL_FAST_MATH = YES;
				ONLY_ACTIVE_ARCH = YES;
				SDKROOT = iphoneos;
				SWIFT_ACTIVE_COMPILATION_CONDITIONS = DEBUG;
				SWIFT_OPTIMIZATION_LEVEL = "-Onone";
			};
			name = Debug;
		};
		7739DF3125502FEF00E872B2 /* Release */ = {
			isa = XCBuildConfiguration;
			buildSettings = {
				ALWAYS_SEARCH_USER_PATHS = NO;
				CLANG_ANALYZER_NONNULL = YES;
				CLANG_ANALYZER_NUMBER_OBJECT_CONVERSION = YES_AGGRESSIVE;
				CLANG_CXX_LANGUAGE_STANDARD = "gnu++14";
				CLANG_CXX_LIBRARY = "libc++";
				CLANG_ENABLE_MODULES = YES;
				CLANG_ENABLE_OBJC_ARC = YES;
				CLANG_ENABLE_OBJC_WEAK = YES;
				CLANG_WARN_BLOCK_CAPTURE_AUTORELEASING = YES;
				CLANG_WARN_BOOL_CONVERSION = YES;
				CLANG_WARN_COMMA = YES;
				CLANG_WARN_CONSTANT_CONVERSION = YES;
				CLANG_WARN_DEPRECATED_OBJC_IMPLEMENTATIONS = YES;
				CLANG_WARN_DIRECT_OBJC_ISA_USAGE = YES_ERROR;
				CLANG_WARN_DOCUMENTATION_COMMENTS = YES;
				CLANG_WARN_EMPTY_BODY = YES;
				CLANG_WARN_ENUM_CONVERSION = YES;
				CLANG_WARN_INFINITE_RECURSION = YES;
				CLANG_WARN_INT_CONVERSION = YES;
				CLANG_WARN_NON_LITERAL_NULL_CONVERSION = YES;
				CLANG_WARN_OBJC_IMPLICIT_RETAIN_SELF = YES;
				CLANG_WARN_OBJC_LITERAL_CONVERSION = YES;
				CLANG_WARN_OBJC_ROOT_CLASS = YES_ERROR;
				CLANG_WARN_QUOTED_INCLUDE_IN_FRAMEWORK_HEADER = YES;
				CLANG_WARN_RANGE_LOOP_ANALYSIS = YES;
				CLANG_WARN_STRICT_PROTOTYPES = YES;
				CLANG_WARN_SUSPICIOUS_MOVE = YES;
				CLANG_WARN_UNGUARDED_AVAILABILITY = YES_AGGRESSIVE;
				CLANG_WARN_UNREACHABLE_CODE = YES;
				CLANG_WARN__DUPLICATE_METHOD_MATCH = YES;
				COPY_PHASE_STRIP = NO;
				DEBUG_INFORMATION_FORMAT = "dwarf-with-dsym";
				ENABLE_NS_ASSERTIONS = NO;
				ENABLE_STRICT_OBJC_MSGSEND = YES;
				GCC_C_LANGUAGE_STANDARD = gnu11;
				GCC_NO_COMMON_BLOCKS = YES;
				GCC_WARN_64_TO_32_BIT_CONVERSION = YES;
				GCC_WARN_ABOUT_RETURN_TYPE = YES_ERROR;
				GCC_WARN_UNDECLARED_SELECTOR = YES;
				GCC_WARN_UNINITIALIZED_AUTOS = YES_AGGRESSIVE;
				GCC_WARN_UNUSED_FUNCTION = YES;
				GCC_WARN_UNUSED_VARIABLE = YES;
				IPHONEOS_DEPLOYMENT_TARGET = 14.1;
				MTL_ENABLE_DEBUG_INFO = NO;
				MTL_FAST_MATH = YES;
				SDKROOT = iphoneos;
				SWIFT_COMPILATION_MODE = wholemodule;
				SWIFT_OPTIMIZATION_LEVEL = "-O";
				VALIDATE_PRODUCT = YES;
			};
			name = Release;
		};
		7739DF3325502FEF00E872B2 /* Debug */ = {
			isa = XCBuildConfiguration;
			buildSettings = {
				ASSETCATALOG_COMPILER_APPICON_NAME = AppIcon;
				ASSETCATALOG_COMPILER_GLOBAL_ACCENT_COLOR_NAME = AccentColor;
				CODE_SIGN_STYLE = Automatic;
				DEVELOPMENT_TEAM = PFT2629W4Z;
				INFOPLIST_FILE = MurmanskNews/Info.plist;
				LD_RUNPATH_SEARCH_PATHS = (
					"$(inherited)",
					"@executable_path/Frameworks",
				);
				PRODUCT_BUNDLE_IDENTIFIER = SwiftViktor.MurmanskNews;
				PRODUCT_NAME = "$(TARGET_NAME)";
				SWIFT_VERSION = 5.0;
				TARGETED_DEVICE_FAMILY = "1,2";
			};
			name = Debug;
		};
		7739DF3425502FEF00E872B2 /* Release */ = {
			isa = XCBuildConfiguration;
			buildSettings = {
				ASSETCATALOG_COMPILER_APPICON_NAME = AppIcon;
				ASSETCATALOG_COMPILER_GLOBAL_ACCENT_COLOR_NAME = AccentColor;
				CODE_SIGN_STYLE = Automatic;
				DEVELOPMENT_TEAM = PFT2629W4Z;
				INFOPLIST_FILE = MurmanskNews/Info.plist;
				LD_RUNPATH_SEARCH_PATHS = (
					"$(inherited)",
					"@executable_path/Frameworks",
				);
				PRODUCT_BUNDLE_IDENTIFIER = SwiftViktor.MurmanskNews;
				PRODUCT_NAME = "$(TARGET_NAME)";
				SWIFT_VERSION = 5.0;
				TARGETED_DEVICE_FAMILY = "1,2";
			};
			name = Release;
		};
/* End XCBuildConfiguration section */

/* Begin XCConfigurationList section */
		7739DF1925502FED00E872B2 /* Build configuration list for PBXProject "MurmanskNews" */ = {
			isa = XCConfigurationList;
			buildConfigurations = (
				7739DF3025502FEF00E872B2 /* Debug */,
				7739DF3125502FEF00E872B2 /* Release */,
			);
			defaultConfigurationIsVisible = 0;
			defaultConfigurationName = Release;
		};
		7739DF3225502FEF00E872B2 /* Build configuration list for PBXNativeTarget "MurmanskNews" */ = {
			isa = XCConfigurationList;
			buildConfigurations = (
				7739DF3325502FEF00E872B2 /* Debug */,
				7739DF3425502FEF00E872B2 /* Release */,
			);
			defaultConfigurationIsVisible = 0;
			defaultConfigurationName = Release;
		};
/* End XCConfigurationList section */
	};
	rootObject = 7739DF1625502FED00E872B2 /* Project object */;
}
